// !$*UTF8*$!
{
	archiveVersion = 1;
	classes = {
	};
	objectVersion = 55;
	objects = {

/* Begin PBXBuildFile section */
		8662229429798DB000DBD2E7 /* HomeView.swift in Sources */ = {isa = PBXBuildFile; fileRef = CE69091129683FAE00007231 /* HomeView.swift */; };
		86622296297995AC00DBD2E7 /* DetailsView.swift in Sources */ = {isa = PBXBuildFile; fileRef = 86622295297995AC00DBD2E7 /* DetailsView.swift */; };
		86622298297995DB00DBD2E7 /* DetailsViewModel.swift in Sources */ = {isa = PBXBuildFile; fileRef = 86622297297995DB00DBD2E7 /* DetailsViewModel.swift */; };
		8662229A2979979D00DBD2E7 /* Profile.swift in Sources */ = {isa = PBXBuildFile; fileRef = 866222992979979D00DBD2E7 /* Profile.swift */; };
		86FE4A932968474A00354FC9 /* DetailTopProfileView.swift in Sources */ = {isa = PBXBuildFile; fileRef = 86FE4A922968474A00354FC9 /* DetailTopProfileView.swift */; };
		86FE4A96296849CA00354FC9 /* TimeLineView.swift in Sources */ = {isa = PBXBuildFile; fileRef = 86FE4A95296849CA00354FC9 /* TimeLineView.swift */; };
		86FE4A98296849E200354FC9 /* FeedRow.swift in Sources */ = {isa = PBXBuildFile; fileRef = 86FE4A97296849E200354FC9 /* FeedRow.swift */; };
		86FE4A9D296AA78200354FC9 /* Feed.swift in Sources */ = {isa = PBXBuildFile; fileRef = 86FE4A9C296AA78200354FC9 /* Feed.swift */; };
		86FE4A9F296AA80F00354FC9 /* ModelData.swift in Sources */ = {isa = PBXBuildFile; fileRef = 86FE4A9E296AA80F00354FC9 /* ModelData.swift */; };
		86FE4AA4296ACC6200354FC9 /* TimeLineViewModel.swift in Sources */ = {isa = PBXBuildFile; fileRef = 86FE4AA3296ACC6200354FC9 /* TimeLineViewModel.swift */; };
		86FE4AA6296AEDDB00354FC9 /* FeedRowViewModel.swift in Sources */ = {isa = PBXBuildFile; fileRef = 86FE4AA5296AEDDB00354FC9 /* FeedRowViewModel.swift */; };
		CE69092929683FAF00007231 /* Tests_iOS.swift in Sources */ = {isa = PBXBuildFile; fileRef = CE69092829683FAF00007231 /* Tests_iOS.swift */; };
		CE69092B29683FAF00007231 /* Tests_iOSLaunchTests.swift in Sources */ = {isa = PBXBuildFile; fileRef = CE69092A29683FAF00007231 /* Tests_iOSLaunchTests.swift */; };
		CE69093529683FAF00007231 /* Tests_macOS.swift in Sources */ = {isa = PBXBuildFile; fileRef = CE69093429683FAF00007231 /* Tests_macOS.swift */; };
		CE69093729683FAF00007231 /* Tests_macOSLaunchTests.swift in Sources */ = {isa = PBXBuildFile; fileRef = CE69093629683FAF00007231 /* Tests_macOSLaunchTests.swift */; };
		CE69093829683FAF00007231 /* ProtoApp.swift in Sources */ = {isa = PBXBuildFile; fileRef = CE69091029683FAE00007231 /* ProtoApp.swift */; };
		CE69093929683FAF00007231 /* ProtoApp.swift in Sources */ = {isa = PBXBuildFile; fileRef = CE69091029683FAE00007231 /* ProtoApp.swift */; };
		CE69093B29683FAF00007231 /* HomeView.swift in Sources */ = {isa = PBXBuildFile; fileRef = CE69091129683FAE00007231 /* HomeView.swift */; };
		CE69093C29683FAF00007231 /* Assets.xcassets in Resources */ = {isa = PBXBuildFile; fileRef = CE69091229683FAF00007231 /* Assets.xcassets */; };
		CE69093D29683FAF00007231 /* Assets.xcassets in Resources */ = {isa = PBXBuildFile; fileRef = CE69091229683FAF00007231 /* Assets.xcassets */; };
		CE69095129684EA100007231 /* PlantImageWithName.swift in Sources */ = {isa = PBXBuildFile; fileRef = CE69095029684EA100007231 /* PlantImageWithName.swift */; };
		CE69095229684EA100007231 /* PlantImageWithName.swift in Sources */ = {isa = PBXBuildFile; fileRef = CE69095029684EA100007231 /* PlantImageWithName.swift */; };
		CE690955296AB84900007231 /* Plant.swift in Sources */ = {isa = PBXBuildFile; fileRef = CE690954296AB84900007231 /* Plant.swift */; };
		CE690956296AB84900007231 /* Plant.swift in Sources */ = {isa = PBXBuildFile; fileRef = CE690954296AB84900007231 /* Plant.swift */; };
		CE690958296AC6C700007231 /* User.swift in Sources */ = {isa = PBXBuildFile; fileRef = CE690957296AC6C700007231 /* User.swift */; };
		CE690959296AC6C700007231 /* User.swift in Sources */ = {isa = PBXBuildFile; fileRef = CE690957296AC6C700007231 /* User.swift */; };
		CE69095B296AC72000007231 /* HomeHeaderView.swift in Sources */ = {isa = PBXBuildFile; fileRef = CE69095A296AC72000007231 /* HomeHeaderView.swift */; };
		CE69095C296AC72000007231 /* HomeHeaderView.swift in Sources */ = {isa = PBXBuildFile; fileRef = CE69095A296AC72000007231 /* HomeHeaderView.swift */; };
/* End PBXBuildFile section */

/* Begin PBXContainerItemProxy section */
		CE69092529683FAF00007231 /* PBXContainerItemProxy */ = {
			isa = PBXContainerItemProxy;
			containerPortal = CE69090B29683FAE00007231 /* Project object */;
			proxyType = 1;
			remoteGlobalIDString = CE69091629683FAF00007231;
			remoteInfo = "Proto (iOS)";
		};
		CE69093129683FAF00007231 /* PBXContainerItemProxy */ = {
			isa = PBXContainerItemProxy;
			containerPortal = CE69090B29683FAE00007231 /* Project object */;
			proxyType = 1;
			remoteGlobalIDString = CE69091C29683FAF00007231;
			remoteInfo = "Proto (macOS)";
		};
/* End PBXContainerItemProxy section */

/* Begin PBXFileReference section */
		86622295297995AC00DBD2E7 /* DetailsView.swift */ = {isa = PBXFileReference; lastKnownFileType = sourcecode.swift; path = DetailsView.swift; sourceTree = "<group>"; };
		86622297297995DB00DBD2E7 /* DetailsViewModel.swift */ = {isa = PBXFileReference; lastKnownFileType = sourcecode.swift; path = DetailsViewModel.swift; sourceTree = "<group>"; };
		866222992979979D00DBD2E7 /* Profile.swift */ = {isa = PBXFileReference; lastKnownFileType = sourcecode.swift; path = Profile.swift; sourceTree = "<group>"; };
		86FE4A922968474A00354FC9 /* DetailTopProfileView.swift */ = {isa = PBXFileReference; lastKnownFileType = sourcecode.swift; path = DetailTopProfileView.swift; sourceTree = "<group>"; };
		86FE4A95296849CA00354FC9 /* TimeLineView.swift */ = {isa = PBXFileReference; lastKnownFileType = sourcecode.swift; path = TimeLineView.swift; sourceTree = "<group>"; };
		86FE4A97296849E200354FC9 /* FeedRow.swift */ = {isa = PBXFileReference; lastKnownFileType = sourcecode.swift; path = FeedRow.swift; sourceTree = "<group>"; };
		86FE4A9C296AA78200354FC9 /* Feed.swift */ = {isa = PBXFileReference; lastKnownFileType = sourcecode.swift; path = Feed.swift; sourceTree = "<group>"; };
		86FE4A9E296AA80F00354FC9 /* ModelData.swift */ = {isa = PBXFileReference; lastKnownFileType = sourcecode.swift; path = ModelData.swift; sourceTree = "<group>"; };
		86FE4AA3296ACC6200354FC9 /* TimeLineViewModel.swift */ = {isa = PBXFileReference; lastKnownFileType = sourcecode.swift; path = TimeLineViewModel.swift; sourceTree = "<group>"; };
		86FE4AA5296AEDDB00354FC9 /* FeedRowViewModel.swift */ = {isa = PBXFileReference; lastKnownFileType = sourcecode.swift; path = FeedRowViewModel.swift; sourceTree = "<group>"; };
		CE69091029683FAE00007231 /* ProtoApp.swift */ = {isa = PBXFileReference; lastKnownFileType = sourcecode.swift; path = ProtoApp.swift; sourceTree = "<group>"; };
		CE69091129683FAE00007231 /* HomeView.swift */ = {isa = PBXFileReference; lastKnownFileType = sourcecode.swift; path = HomeView.swift; sourceTree = "<group>"; };
		CE69091229683FAF00007231 /* Assets.xcassets */ = {isa = PBXFileReference; lastKnownFileType = folder.assetcatalog; path = Assets.xcassets; sourceTree = "<group>"; };
		CE69091729683FAF00007231 /* Proto.app */ = {isa = PBXFileReference; explicitFileType = wrapper.application; includeInIndex = 0; path = Proto.app; sourceTree = BUILT_PRODUCTS_DIR; };
		CE69091D29683FAF00007231 /* Proto.app */ = {isa = PBXFileReference; explicitFileType = wrapper.application; includeInIndex = 0; path = Proto.app; sourceTree = BUILT_PRODUCTS_DIR; };
		CE69091F29683FAF00007231 /* macOS.entitlements */ = {isa = PBXFileReference; lastKnownFileType = text.plist.entitlements; path = macOS.entitlements; sourceTree = "<group>"; };
		CE69092429683FAF00007231 /* Tests iOS.xctest */ = {isa = PBXFileReference; explicitFileType = wrapper.cfbundle; includeInIndex = 0; path = "Tests iOS.xctest"; sourceTree = BUILT_PRODUCTS_DIR; };
		CE69092829683FAF00007231 /* Tests_iOS.swift */ = {isa = PBXFileReference; lastKnownFileType = sourcecode.swift; path = Tests_iOS.swift; sourceTree = "<group>"; };
		CE69092A29683FAF00007231 /* Tests_iOSLaunchTests.swift */ = {isa = PBXFileReference; lastKnownFileType = sourcecode.swift; path = Tests_iOSLaunchTests.swift; sourceTree = "<group>"; };
		CE69093029683FAF00007231 /* Tests macOS.xctest */ = {isa = PBXFileReference; explicitFileType = wrapper.cfbundle; includeInIndex = 0; path = "Tests macOS.xctest"; sourceTree = BUILT_PRODUCTS_DIR; };
		CE69093429683FAF00007231 /* Tests_macOS.swift */ = {isa = PBXFileReference; lastKnownFileType = sourcecode.swift; path = Tests_macOS.swift; sourceTree = "<group>"; };
		CE69093629683FAF00007231 /* Tests_macOSLaunchTests.swift */ = {isa = PBXFileReference; lastKnownFileType = sourcecode.swift; path = Tests_macOSLaunchTests.swift; sourceTree = "<group>"; };
		CE69095029684EA100007231 /* PlantImageWithName.swift */ = {isa = PBXFileReference; lastKnownFileType = sourcecode.swift; path = PlantImageWithName.swift; sourceTree = "<group>"; };
		CE690954296AB84900007231 /* Plant.swift */ = {isa = PBXFileReference; lastKnownFileType = sourcecode.swift; path = Plant.swift; sourceTree = "<group>"; };
		CE690957296AC6C700007231 /* User.swift */ = {isa = PBXFileReference; lastKnownFileType = sourcecode.swift; path = User.swift; sourceTree = "<group>"; };
		CE69095A296AC72000007231 /* HomeHeaderView.swift */ = {isa = PBXFileReference; lastKnownFileType = sourcecode.swift; path = HomeHeaderView.swift; sourceTree = "<group>"; };
/* End PBXFileReference section */

/* Begin PBXFrameworksBuildPhase section */
		CE69091429683FAF00007231 /* Frameworks */ = {
			isa = PBXFrameworksBuildPhase;
			buildActionMask = 2147483647;
			files = (
			);
			runOnlyForDeploymentPostprocessing = 0;
		};
		CE69091A29683FAF00007231 /* Frameworks */ = {
			isa = PBXFrameworksBuildPhase;
			buildActionMask = 2147483647;
			files = (
			);
			runOnlyForDeploymentPostprocessing = 0;
		};
		CE69092129683FAF00007231 /* Frameworks */ = {
			isa = PBXFrameworksBuildPhase;
			buildActionMask = 2147483647;
			files = (
			);
			runOnlyForDeploymentPostprocessing = 0;
		};
		CE69092D29683FAF00007231 /* Frameworks */ = {
			isa = PBXFrameworksBuildPhase;
			buildActionMask = 2147483647;
			files = (
			);
			runOnlyForDeploymentPostprocessing = 0;
		};
/* End PBXFrameworksBuildPhase section */

/* Begin PBXGroup section */
		86FE4A912968472B00354FC9 /* DetailViews */ = {
			isa = PBXGroup;
			children = (
				86FE4AA0296AAB5C00354FC9 /* Models */,
				86FE4AA2296ACC3300354FC9 /* ViewModel */,
				86FE4AA1296AB1DE00354FC9 /* Views */,
			);
			path = DetailViews;
			sourceTree = "<group>";
		};
		86FE4AA0296AAB5C00354FC9 /* Models */ = {
			isa = PBXGroup;
			children = (
				86FE4A9C296AA78200354FC9 /* Feed.swift */,
				866222992979979D00DBD2E7 /* Profile.swift */,
				86FE4A9E296AA80F00354FC9 /* ModelData.swift */,
			);
			path = Models;
			sourceTree = "<group>";
		};
		86FE4AA1296AB1DE00354FC9 /* Views */ = {
			isa = PBXGroup;
			children = (
				86FE4A97296849E200354FC9 /* FeedRow.swift */,
				86FE4A95296849CA00354FC9 /* TimeLineView.swift */,
				86622295297995AC00DBD2E7 /* DetailsView.swift */,
				86FE4A922968474A00354FC9 /* DetailTopProfileView.swift */,
			);
			path = Views;
			sourceTree = "<group>";
		};
		86FE4AA2296ACC3300354FC9 /* ViewModel */ = {
			isa = PBXGroup;
			children = (
				86FE4AA5296AEDDB00354FC9 /* FeedRowViewModel.swift */,
				86FE4AA3296ACC6200354FC9 /* TimeLineViewModel.swift */,
				86622297297995DB00DBD2E7 /* DetailsViewModel.swift */,
			);
			path = ViewModel;
			sourceTree = "<group>";
		};
		CE69090A29683FAE00007231 = {
			isa = PBXGroup;
			children = (
				CE69090F29683FAE00007231 /* Shared */,
				CE69091E29683FAF00007231 /* macOS */,
				CE69092729683FAF00007231 /* Tests iOS */,
				CE69093329683FAF00007231 /* Tests macOS */,
				CE69091829683FAF00007231 /* Products */,
			);
			sourceTree = "<group>";
		};
		CE69090F29683FAE00007231 /* Shared */ = {
			isa = PBXGroup;
			children = (
				CE69094F29684E3F00007231 /* HomeViews */,
				CE69091029683FAE00007231 /* ProtoApp.swift */,
				86FE4A912968472B00354FC9 /* DetailViews */,
				CE69091229683FAF00007231 /* Assets.xcassets */,
			);
			path = Shared;
			sourceTree = "<group>";
		};
		CE69091829683FAF00007231 /* Products */ = {
			isa = PBXGroup;
			children = (
				CE69091729683FAF00007231 /* Proto.app */,
				CE69091D29683FAF00007231 /* Proto.app */,
				CE69092429683FAF00007231 /* Tests iOS.xctest */,
				CE69093029683FAF00007231 /* Tests macOS.xctest */,
			);
			name = Products;
			sourceTree = "<group>";
		};
		CE69091E29683FAF00007231 /* macOS */ = {
			isa = PBXGroup;
			children = (
				CE69091F29683FAF00007231 /* macOS.entitlements */,
			);
			path = macOS;
			sourceTree = "<group>";
		};
		CE69092729683FAF00007231 /* Tests iOS */ = {
			isa = PBXGroup;
			children = (
				CE69092829683FAF00007231 /* Tests_iOS.swift */,
				CE69092A29683FAF00007231 /* Tests_iOSLaunchTests.swift */,
			);
			path = "Tests iOS";
			sourceTree = "<group>";
		};
		CE69093329683FAF00007231 /* Tests macOS */ = {
			isa = PBXGroup;
			children = (
				CE69093429683FAF00007231 /* Tests_macOS.swift */,
				CE69093629683FAF00007231 /* Tests_macOSLaunchTests.swift */,
			);
			path = "Tests macOS";
			sourceTree = "<group>";
		};
		CE69094F29684E3F00007231 /* HomeViews */ = {
			isa = PBXGroup;
			children = (
				CE690953296AB83700007231 /* Models */,
				CE69095029684EA100007231 /* PlantImageWithName.swift */,
				CE69091129683FAE00007231 /* HomeView.swift */,
				CE69095A296AC72000007231 /* HomeHeaderView.swift */,
			);
			path = HomeViews;
			sourceTree = "<group>";
		};
		CE690953296AB83700007231 /* Models */ = {
			isa = PBXGroup;
			children = (
				CE690954296AB84900007231 /* Plant.swift */,
				CE690957296AC6C700007231 /* User.swift */,
			);
			path = Models;
			sourceTree = "<group>";
		};
/* End PBXGroup section */

/* Begin PBXNativeTarget section */
		CE69091629683FAF00007231 /* Proto (iOS) */ = {
			isa = PBXNativeTarget;
			buildConfigurationList = CE69094029683FAF00007231 /* Build configuration list for PBXNativeTarget "Proto (iOS)" */;
			buildPhases = (
				CE69091329683FAF00007231 /* Sources */,
				CE69091429683FAF00007231 /* Frameworks */,
				CE69091529683FAF00007231 /* Resources */,
			);
			buildRules = (
			);
			dependencies = (
			);
			name = "Proto (iOS)";
			productName = "Proto (iOS)";
			productReference = CE69091729683FAF00007231 /* Proto.app */;
			productType = "com.apple.product-type.application";
		};
		CE69091C29683FAF00007231 /* Proto (macOS) */ = {
			isa = PBXNativeTarget;
			buildConfigurationList = CE69094329683FAF00007231 /* Build configuration list for PBXNativeTarget "Proto (macOS)" */;
			buildPhases = (
				CE69091929683FAF00007231 /* Sources */,
				CE69091A29683FAF00007231 /* Frameworks */,
				CE69091B29683FAF00007231 /* Resources */,
			);
			buildRules = (
			);
			dependencies = (
			);
			name = "Proto (macOS)";
			productName = "Proto (macOS)";
			productReference = CE69091D29683FAF00007231 /* Proto.app */;
			productType = "com.apple.product-type.application";
		};
		CE69092329683FAF00007231 /* Tests iOS */ = {
			isa = PBXNativeTarget;
			buildConfigurationList = CE69094629683FAF00007231 /* Build configuration list for PBXNativeTarget "Tests iOS" */;
			buildPhases = (
				CE69092029683FAF00007231 /* Sources */,
				CE69092129683FAF00007231 /* Frameworks */,
				CE69092229683FAF00007231 /* Resources */,
			);
			buildRules = (
			);
			dependencies = (
				CE69092629683FAF00007231 /* PBXTargetDependency */,
			);
			name = "Tests iOS";
			productName = "Tests iOS";
			productReference = CE69092429683FAF00007231 /* Tests iOS.xctest */;
			productType = "com.apple.product-type.bundle.ui-testing";
		};
		CE69092F29683FAF00007231 /* Tests macOS */ = {
			isa = PBXNativeTarget;
			buildConfigurationList = CE69094929683FAF00007231 /* Build configuration list for PBXNativeTarget "Tests macOS" */;
			buildPhases = (
				CE69092C29683FAF00007231 /* Sources */,
				CE69092D29683FAF00007231 /* Frameworks */,
				CE69092E29683FAF00007231 /* Resources */,
			);
			buildRules = (
			);
			dependencies = (
				CE69093229683FAF00007231 /* PBXTargetDependency */,
			);
			name = "Tests macOS";
			productName = "Tests macOS";
			productReference = CE69093029683FAF00007231 /* Tests macOS.xctest */;
			productType = "com.apple.product-type.bundle.ui-testing";
		};
/* End PBXNativeTarget section */

/* Begin PBXProject section */
		CE69090B29683FAE00007231 /* Project object */ = {
			isa = PBXProject;
			attributes = {
				BuildIndependentTargetsInParallel = 1;
				LastSwiftUpdateCheck = 1340;
				LastUpgradeCheck = 1420;
				TargetAttributes = {
					CE69091629683FAF00007231 = {
						CreatedOnToolsVersion = 13.4.1;
					};
					CE69091C29683FAF00007231 = {
						CreatedOnToolsVersion = 13.4.1;
					};
					CE69092329683FAF00007231 = {
						CreatedOnToolsVersion = 13.4.1;
						TestTargetID = CE69091629683FAF00007231;
					};
					CE69092F29683FAF00007231 = {
						CreatedOnToolsVersion = 13.4.1;
						TestTargetID = CE69091C29683FAF00007231;
					};
				};
			};
			buildConfigurationList = CE69090E29683FAE00007231 /* Build configuration list for PBXProject "Proto" */;
			compatibilityVersion = "Xcode 13.0";
			developmentRegion = en;
			hasScannedForEncodings = 0;
			knownRegions = (
				en,
				Base,
			);
			mainGroup = CE69090A29683FAE00007231;
			productRefGroup = CE69091829683FAF00007231 /* Products */;
			projectDirPath = "";
			projectRoot = "";
			targets = (
				CE69091629683FAF00007231 /* Proto (iOS) */,
				CE69091C29683FAF00007231 /* Proto (macOS) */,
				CE69092329683FAF00007231 /* Tests iOS */,
				CE69092F29683FAF00007231 /* Tests macOS */,
			);
		};
/* End PBXProject section */

/* Begin PBXResourcesBuildPhase section */
		CE69091529683FAF00007231 /* Resources */ = {
			isa = PBXResourcesBuildPhase;
			buildActionMask = 2147483647;
			files = (
				CE69093C29683FAF00007231 /* Assets.xcassets in Resources */,
			);
			runOnlyForDeploymentPostprocessing = 0;
		};
		CE69091B29683FAF00007231 /* Resources */ = {
			isa = PBXResourcesBuildPhase;
			buildActionMask = 2147483647;
			files = (
				CE69093D29683FAF00007231 /* Assets.xcassets in Resources */,
			);
			runOnlyForDeploymentPostprocessing = 0;
		};
		CE69092229683FAF00007231 /* Resources */ = {
			isa = PBXResourcesBuildPhase;
			buildActionMask = 2147483647;
			files = (
			);
			runOnlyForDeploymentPostprocessing = 0;
		};
		CE69092E29683FAF00007231 /* Resources */ = {
			isa = PBXResourcesBuildPhase;
			buildActionMask = 2147483647;
			files = (
			);
			runOnlyForDeploymentPostprocessing = 0;
		};
/* End PBXResourcesBuildPhase section */

/* Begin PBXSourcesBuildPhase section */
		CE69091329683FAF00007231 /* Sources */ = {
			isa = PBXSourcesBuildPhase;
			buildActionMask = 2147483647;
			files = (
				CE690955296AB84900007231 /* Plant.swift in Sources */,
				86622296297995AC00DBD2E7 /* DetailsView.swift in Sources */,
				86622298297995DB00DBD2E7 /* DetailsViewModel.swift in Sources */,
				CE69095129684EA100007231 /* PlantImageWithName.swift in Sources */,
				8662229429798DB000DBD2E7 /* HomeView.swift in Sources */,
				CE690958296AC6C700007231 /* User.swift in Sources */,
				86FE4A932968474A00354FC9 /* DetailTopProfileView.swift in Sources */,
				86FE4A98296849E200354FC9 /* FeedRow.swift in Sources */,
				86FE4AA6296AEDDB00354FC9 /* FeedRowViewModel.swift in Sources */,
				8662229A2979979D00DBD2E7 /* Profile.swift in Sources */,
				86FE4A9D296AA78200354FC9 /* Feed.swift in Sources */,
				86FE4A96296849CA00354FC9 /* TimeLineView.swift in Sources */,
				86FE4A9F296AA80F00354FC9 /* ModelData.swift in Sources */,
				CE69095B296AC72000007231 /* HomeHeaderView.swift in Sources */,
				86FE4AA4296ACC6200354FC9 /* TimeLineViewModel.swift in Sources */,
				CE69093829683FAF00007231 /* ProtoApp.swift in Sources */,
			);
			runOnlyForDeploymentPostprocessing = 0;
		};
		CE69091929683FAF00007231 /* Sources */ = {
			isa = PBXSourcesBuildPhase;
			buildActionMask = 2147483647;
			files = (
				CE690956296AB84900007231 /* Plant.swift in Sources */,
				CE69095229684EA100007231 /* PlantImageWithName.swift in Sources */,
				CE690959296AC6C700007231 /* User.swift in Sources */,
				CE69093B29683FAF00007231 /* HomeView.swift in Sources */,
				CE69095C296AC72000007231 /* HomeHeaderView.swift in Sources */,
				CE69093929683FAF00007231 /* ProtoApp.swift in Sources */,
			);
			runOnlyForDeploymentPostprocessing = 0;
		};
		CE69092029683FAF00007231 /* Sources */ = {
			isa = PBXSourcesBuildPhase;
			buildActionMask = 2147483647;
			files = (
				CE69092B29683FAF00007231 /* Tests_iOSLaunchTests.swift in Sources */,
				CE69092929683FAF00007231 /* Tests_iOS.swift in Sources */,
			);
			runOnlyForDeploymentPostprocessing = 0;
		};
		CE69092C29683FAF00007231 /* Sources */ = {
			isa = PBXSourcesBuildPhase;
			buildActionMask = 2147483647;
			files = (
				CE69093729683FAF00007231 /* Tests_macOSLaunchTests.swift in Sources */,
				CE69093529683FAF00007231 /* Tests_macOS.swift in Sources */,
			);
			runOnlyForDeploymentPostprocessing = 0;
		};
/* End PBXSourcesBuildPhase section */

/* Begin PBXTargetDependency section */
		CE69092629683FAF00007231 /* PBXTargetDependency */ = {
			isa = PBXTargetDependency;
			target = CE69091629683FAF00007231 /* Proto (iOS) */;
			targetProxy = CE69092529683FAF00007231 /* PBXContainerItemProxy */;
		};
		CE69093229683FAF00007231 /* PBXTargetDependency */ = {
			isa = PBXTargetDependency;
			target = CE69091C29683FAF00007231 /* Proto (macOS) */;
			targetProxy = CE69093129683FAF00007231 /* PBXContainerItemProxy */;
		};
/* End PBXTargetDependency section */

/* Begin XCBuildConfiguration section */
		CE69093E29683FAF00007231 /* Debug */ = {
			isa = XCBuildConfiguration;
			buildSettings = {
				ALWAYS_SEARCH_USER_PATHS = NO;
				CLANG_ANALYZER_NONNULL = YES;
				CLANG_ANALYZER_NUMBER_OBJECT_CONVERSION = YES_AGGRESSIVE;
				CLANG_CXX_LANGUAGE_STANDARD = "gnu++17";
				CLANG_ENABLE_MODULES = YES;
				CLANG_ENABLE_OBJC_ARC = YES;
				CLANG_ENABLE_OBJC_WEAK = YES;
				CLANG_WARN_BLOCK_CAPTURE_AUTORELEASING = YES;
				CLANG_WARN_BOOL_CONVERSION = YES;
				CLANG_WARN_COMMA = YES;
				CLANG_WARN_CONSTANT_CONVERSION = YES;
				CLANG_WARN_DEPRECATED_OBJC_IMPLEMENTATIONS = YES;
				CLANG_WARN_DIRECT_OBJC_ISA_USAGE = YES_ERROR;
				CLANG_WARN_DOCUMENTATION_COMMENTS = YES;
				CLANG_WARN_EMPTY_BODY = YES;
				CLANG_WARN_ENUM_CONVERSION = YES;
				CLANG_WARN_INFINITE_RECURSION = YES;
				CLANG_WARN_INT_CONVERSION = YES;
				CLANG_WARN_NON_LITERAL_NULL_CONVERSION = YES;
				CLANG_WARN_OBJC_IMPLICIT_RETAIN_SELF = YES;
				CLANG_WARN_OBJC_LITERAL_CONVERSION = YES;
				CLANG_WARN_OBJC_ROOT_CLASS = YES_ERROR;
				CLANG_WARN_QUOTED_INCLUDE_IN_FRAMEWORK_HEADER = YES;
				CLANG_WARN_RANGE_LOOP_ANALYSIS = YES;
				CLANG_WARN_STRICT_PROTOTYPES = YES;
				CLANG_WARN_SUSPICIOUS_MOVE = YES;
				CLANG_WARN_UNGUARDED_AVAILABILITY = YES_AGGRESSIVE;
				CLANG_WARN_UNREACHABLE_CODE = YES;
				CLANG_WARN__DUPLICATE_METHOD_MATCH = YES;
				COPY_PHASE_STRIP = NO;
				DEAD_CODE_STRIPPING = YES;
				DEBUG_INFORMATION_FORMAT = dwarf;
				ENABLE_STRICT_OBJC_MSGSEND = YES;
				ENABLE_TESTABILITY = YES;
				GCC_C_LANGUAGE_STANDARD = gnu11;
				GCC_DYNAMIC_NO_PIC = NO;
				GCC_NO_COMMON_BLOCKS = YES;
				GCC_OPTIMIZATION_LEVEL = 0;
				GCC_PREPROCESSOR_DEFINITIONS = (
					"DEBUG=1",
					"$(inherited)",
				);
				GCC_WARN_64_TO_32_BIT_CONVERSION = YES;
				GCC_WARN_ABOUT_RETURN_TYPE = YES_ERROR;
				GCC_WARN_UNDECLARED_SELECTOR = YES;
				GCC_WARN_UNINITIALIZED_AUTOS = YES_AGGRESSIVE;
				GCC_WARN_UNUSED_FUNCTION = YES;
				GCC_WARN_UNUSED_VARIABLE = YES;
				MTL_ENABLE_DEBUG_INFO = INCLUDE_SOURCE;
				MTL_FAST_MATH = YES;
				ONLY_ACTIVE_ARCH = YES;
				SWIFT_ACTIVE_COMPILATION_CONDITIONS = DEBUG;
				SWIFT_OPTIMIZATION_LEVEL = "-Onone";
			};
			name = Debug;
		};
		CE69093F29683FAF00007231 /* Release */ = {
			isa = XCBuildConfiguration;
			buildSettings = {
				ALWAYS_SEARCH_USER_PATHS = NO;
				CLANG_ANALYZER_NONNULL = YES;
				CLANG_ANALYZER_NUMBER_OBJECT_CONVERSION = YES_AGGRESSIVE;
				CLANG_CXX_LANGUAGE_STANDARD = "gnu++17";
				CLANG_ENABLE_MODULES = YES;
				CLANG_ENABLE_OBJC_ARC = YES;
				CLANG_ENABLE_OBJC_WEAK = YES;
				CLANG_WARN_BLOCK_CAPTURE_AUTORELEASING = YES;
				CLANG_WARN_BOOL_CONVERSION = YES;
				CLANG_WARN_COMMA = YES;
				CLANG_WARN_CONSTANT_CONVERSION = YES;
				CLANG_WARN_DEPRECATED_OBJC_IMPLEMENTATIONS = YES;
				CLANG_WARN_DIRECT_OBJC_ISA_USAGE = YES_ERROR;
				CLANG_WARN_DOCUMENTATION_COMMENTS = YES;
				CLANG_WARN_EMPTY_BODY = YES;
				CLANG_WARN_ENUM_CONVERSION = YES;
				CLANG_WARN_INFINITE_RECURSION = YES;
				CLANG_WARN_INT_CONVERSION = YES;
				CLANG_WARN_NON_LITERAL_NULL_CONVERSION = YES;
				CLANG_WARN_OBJC_IMPLICIT_RETAIN_SELF = YES;
				CLANG_WARN_OBJC_LITERAL_CONVERSION = YES;
				CLANG_WARN_OBJC_ROOT_CLASS = YES_ERROR;
				CLANG_WARN_QUOTED_INCLUDE_IN_FRAMEWORK_HEADER = YES;
				CLANG_WARN_RANGE_LOOP_ANALYSIS = YES;
				CLANG_WARN_STRICT_PROTOTYPES = YES;
				CLANG_WARN_SUSPICIOUS_MOVE = YES;
				CLANG_WARN_UNGUARDED_AVAILABILITY = YES_AGGRESSIVE;
				CLANG_WARN_UNREACHABLE_CODE = YES;
				CLANG_WARN__DUPLICATE_METHOD_MATCH = YES;
				COPY_PHASE_STRIP = NO;
				DEAD_CODE_STRIPPING = YES;
				DEBUG_INFORMATION_FORMAT = "dwarf-with-dsym";
				ENABLE_NS_ASSERTIONS = NO;
				ENABLE_STRICT_OBJC_MSGSEND = YES;
				GCC_C_LANGUAGE_STANDARD = gnu11;
				GCC_NO_COMMON_BLOCKS = YES;
				GCC_WARN_64_TO_32_BIT_CONVERSION = YES;
				GCC_WARN_ABOUT_RETURN_TYPE = YES_ERROR;
				GCC_WARN_UNDECLARED_SELECTOR = YES;
				GCC_WARN_UNINITIALIZED_AUTOS = YES_AGGRESSIVE;
				GCC_WARN_UNUSED_FUNCTION = YES;
				GCC_WARN_UNUSED_VARIABLE = YES;
				MTL_ENABLE_DEBUG_INFO = NO;
				MTL_FAST_MATH = YES;
				SWIFT_COMPILATION_MODE = wholemodule;
				SWIFT_OPTIMIZATION_LEVEL = "-O";
			};
			name = Release;
		};
		CE69094129683FAF00007231 /* Debug */ = {
			isa = XCBuildConfiguration;
			buildSettings = {
				ASSETCATALOG_COMPILER_APPICON_NAME = AppIcon;
				ASSETCATALOG_COMPILER_GLOBAL_ACCENT_COLOR_NAME = AccentColor;
				CODE_SIGN_STYLE = Automatic;
				CURRENT_PROJECT_VERSION = 1;
				DEVELOPMENT_TEAM = S6B47K88U4;
				ENABLE_PREVIEWS = YES;
				GENERATE_INFOPLIST_FILE = YES;
				INFOPLIST_KEY_UIApplicationSceneManifest_Generation = YES;
				INFOPLIST_KEY_UIApplicationSupportsIndirectInputEvents = YES;
				INFOPLIST_KEY_UILaunchScreen_Generation = YES;
				INFOPLIST_KEY_UISupportedInterfaceOrientations_iPad = "UIInterfaceOrientationPortrait UIInterfaceOrientationPortraitUpsideDown UIInterfaceOrientationLandscapeLeft UIInterfaceOrientationLandscapeRight";
				INFOPLIST_KEY_UISupportedInterfaceOrientations_iPhone = "UIInterfaceOrientationPortrait UIInterfaceOrientationLandscapeLeft UIInterfaceOrientationLandscapeRight";
				IPHONEOS_DEPLOYMENT_TARGET = 15.5;
				LD_RUNPATH_SEARCH_PATHS = (
					"$(inherited)",
					"@executable_path/Frameworks",
				);
				MARKETING_VERSION = 1.0;
				PRODUCT_BUNDLE_IDENTIFIER = hamdoe.Proto;
				PRODUCT_NAME = Proto;
				SDKROOT = iphoneos;
				SWIFT_EMIT_LOC_STRINGS = YES;
				SWIFT_VERSION = 5.0;
				TARGETED_DEVICE_FAMILY = "1,2";
			};
			name = Debug;
		};
		CE69094229683FAF00007231 /* Release */ = {
			isa = XCBuildConfiguration;
			buildSettings = {
				ASSETCATALOG_COMPILER_APPICON_NAME = AppIcon;
				ASSETCATALOG_COMPILER_GLOBAL_ACCENT_COLOR_NAME = AccentColor;
				CODE_SIGN_STYLE = Automatic;
				CURRENT_PROJECT_VERSION = 1;
				DEVELOPMENT_TEAM = S6B47K88U4;
				ENABLE_PREVIEWS = YES;
				GENERATE_INFOPLIST_FILE = YES;
				INFOPLIST_KEY_UIApplicationSceneManifest_Generation = YES;
				INFOPLIST_KEY_UIApplicationSupportsIndirectInputEvents = YES;
				INFOPLIST_KEY_UILaunchScreen_Generation = YES;
				INFOPLIST_KEY_UISupportedInterfaceOrientations_iPad = "UIInterfaceOrientationPortrait UIInterfaceOrientationPortraitUpsideDown UIInterfaceOrientationLandscapeLeft UIInterfaceOrientationLandscapeRight";
				INFOPLIST_KEY_UISupportedInterfaceOrientations_iPhone = "UIInterfaceOrientationPortrait UIInterfaceOrientationLandscapeLeft UIInterfaceOrientationLandscapeRight";
				IPHONEOS_DEPLOYMENT_TARGET = 15.5;
				LD_RUNPATH_SEARCH_PATHS = (
					"$(inherited)",
					"@executable_path/Frameworks",
				);
				MARKETING_VERSION = 1.0;
				PRODUCT_BUNDLE_IDENTIFIER = hamdoe.Proto;
				PRODUCT_NAME = Proto;
				SDKROOT = iphoneos;
				SWIFT_EMIT_LOC_STRINGS = YES;
				SWIFT_VERSION = 5.0;
				TARGETED_DEVICE_FAMILY = "1,2";
				VALIDATE_PRODUCT = YES;
			};
			name = Release;
		};
		CE69094429683FAF00007231 /* Debug */ = {
			isa = XCBuildConfiguration;
			buildSettings = {
				ASSETCATALOG_COMPILER_APPICON_NAME = AppIcon;
				ASSETCATALOG_COMPILER_GLOBAL_ACCENT_COLOR_NAME = AccentColor;
				CODE_SIGN_ENTITLEMENTS = macOS/macOS.entitlements;
				CODE_SIGN_IDENTITY = "-";
				CODE_SIGN_STYLE = Automatic;
				COMBINE_HIDPI_IMAGES = YES;
				CURRENT_PROJECT_VERSION = 1;
				DEAD_CODE_STRIPPING = YES;
				DEVELOPMENT_TEAM = S6B47K88U4;
				ENABLE_HARDENED_RUNTIME = YES;
				ENABLE_PREVIEWS = YES;
				GENERATE_INFOPLIST_FILE = YES;
				INFOPLIST_KEY_NSHumanReadableCopyright = "";
				LD_RUNPATH_SEARCH_PATHS = (
					"$(inherited)",
					"@executable_path/../Frameworks",
				);
				MACOSX_DEPLOYMENT_TARGET = 12.3;
				MARKETING_VERSION = 1.0;
				PRODUCT_BUNDLE_IDENTIFIER = hamdoe.Proto;
				PRODUCT_NAME = Proto;
				SDKROOT = macosx;
				SWIFT_EMIT_LOC_STRINGS = YES;
				SWIFT_VERSION = 5.0;
			};
			name = Debug;
		};
		CE69094529683FAF00007231 /* Release */ = {
			isa = XCBuildConfiguration;
			buildSettings = {
				ASSETCATALOG_COMPILER_APPICON_NAME = AppIcon;
				ASSETCATALOG_COMPILER_GLOBAL_ACCENT_COLOR_NAME = AccentColor;
				CODE_SIGN_ENTITLEMENTS = macOS/macOS.entitlements;
				CODE_SIGN_IDENTITY = "-";
				CODE_SIGN_STYLE = Automatic;
				COMBINE_HIDPI_IMAGES = YES;
				CURRENT_PROJECT_VERSION = 1;
				DEAD_CODE_STRIPPING = YES;
				DEVELOPMENT_TEAM = S6B47K88U4;
				ENABLE_HARDENED_RUNTIME = YES;
				ENABLE_PREVIEWS = YES;
				GENERATE_INFOPLIST_FILE = YES;
				INFOPLIST_KEY_NSHumanReadableCopyright = "";
				LD_RUNPATH_SEARCH_PATHS = (
					"$(inherited)",
					"@executable_path/../Frameworks",
				);
				MACOSX_DEPLOYMENT_TARGET = 12.3;
				MARKETING_VERSION = 1.0;
				PRODUCT_BUNDLE_IDENTIFIER = hamdoe.Proto;
				PRODUCT_NAME = Proto;
				SDKROOT = macosx;
				SWIFT_EMIT_LOC_STRINGS = YES;
				SWIFT_VERSION = 5.0;
			};
			name = Release;
		};
		CE69094729683FAF00007231 /* Debug */ = {
			isa = XCBuildConfiguration;
			buildSettings = {
				ALWAYS_EMBED_SWIFT_STANDARD_LIBRARIES = YES;
				CODE_SIGN_STYLE = Automatic;
				CURRENT_PROJECT_VERSION = 1;
				DEVELOPMENT_TEAM = S6B47K88U4;
				GENERATE_INFOPLIST_FILE = YES;
				IPHONEOS_DEPLOYMENT_TARGET = 15.5;
				MARKETING_VERSION = 1.0;
				PRODUCT_BUNDLE_IDENTIFIER = "hamdoe.Tests-iOS";
				PRODUCT_NAME = "$(TARGET_NAME)";
				SDKROOT = iphoneos;
				SWIFT_EMIT_LOC_STRINGS = NO;
				SWIFT_VERSION = 5.0;
				TARGETED_DEVICE_FAMILY = "1,2";
				TEST_TARGET_NAME = "Proto (iOS)";
			};
			name = Debug;
		};
		CE69094829683FAF00007231 /* Release */ = {
			isa = XCBuildConfiguration;
			buildSettings = {
				ALWAYS_EMBED_SWIFT_STANDARD_LIBRARIES = YES;
				CODE_SIGN_STYLE = Automatic;
				CURRENT_PROJECT_VERSION = 1;
				DEVELOPMENT_TEAM = S6B47K88U4;
				GENERATE_INFOPLIST_FILE = YES;
				IPHONEOS_DEPLOYMENT_TARGET = 15.5;
				MARKETING_VERSION = 1.0;
				PRODUCT_BUNDLE_IDENTIFIER = "hamdoe.Tests-iOS";
				PRODUCT_NAME = "$(TARGET_NAME)";
				SDKROOT = iphoneos;
				SWIFT_EMIT_LOC_STRINGS = NO;
				SWIFT_VERSION = 5.0;
				TARGETED_DEVICE_FAMILY = "1,2";
				TEST_TARGET_NAME = "Proto (iOS)";
				VALIDATE_PRODUCT = YES;
			};
			name = Release;
		};
		CE69094A29683FAF00007231 /* Debug */ = {
			isa = XCBuildConfiguration;
			buildSettings = {
				ALWAYS_EMBED_SWIFT_STANDARD_LIBRARIES = YES;
				CODE_SIGN_STYLE = Automatic;
				CURRENT_PROJECT_VERSION = 1;
				DEAD_CODE_STRIPPING = YES;
				DEVELOPMENT_TEAM = S6B47K88U4;
				GENERATE_INFOPLIST_FILE = YES;
				MACOSX_DEPLOYMENT_TARGET = 12.3;
				MARKETING_VERSION = 1.0;
				PRODUCT_BUNDLE_IDENTIFIER = "hamdoe.Tests-macOS";
				PRODUCT_NAME = "$(TARGET_NAME)";
				SDKROOT = macosx;
				SWIFT_EMIT_LOC_STRINGS = NO;
				SWIFT_VERSION = 5.0;
				TEST_TARGET_NAME = "Proto (macOS)";
			};
			name = Debug;
		};
		CE69094B29683FAF00007231 /* Release */ = {
			isa = XCBuildConfiguration;
			buildSettings = {
				ALWAYS_EMBED_SWIFT_STANDARD_LIBRARIES = YES;
				CODE_SIGN_STYLE = Automatic;
				CURRENT_PROJECT_VERSION = 1;
				DEAD_CODE_STRIPPING = YES;
				DEVELOPMENT_TEAM = S6B47K88U4;
				GENERATE_INFOPLIST_FILE = YES;
				MACOSX_DEPLOYMENT_TARGET = 12.3;
				MARKETING_VERSION = 1.0;
				PRODUCT_BUNDLE_IDENTIFIER = "hamdoe.Tests-macOS";
				PRODUCT_NAME = "$(TARGET_NAME)";
				SDKROOT = macosx;
				SWIFT_EMIT_LOC_STRINGS = NO;
				SWIFT_VERSION = 5.0;
				TEST_TARGET_NAME = "Proto (macOS)";
			};
			name = Release;
		};
/* End XCBuildConfiguration section */

/* Begin XCConfigurationList section */
		CE69090E29683FAE00007231 /* Build configuration list for PBXProject "Proto" */ = {
			isa = XCConfigurationList;
			buildConfigurations = (
				CE69093E29683FAF00007231 /* Debug */,
				CE69093F29683FAF00007231 /* Release */,
			);
			defaultConfigurationIsVisible = 0;
			defaultConfigurationName = Release;
		};
		CE69094029683FAF00007231 /* Build configuration list for PBXNativeTarget "Proto (iOS)" */ = {
			isa = XCConfigurationList;
			buildConfigurations = (
				CE69094129683FAF00007231 /* Debug */,
				CE69094229683FAF00007231 /* Release */,
			);
			defaultConfigurationIsVisible = 0;
			defaultConfigurationName = Release;
		};
		CE69094329683FAF00007231 /* Build configuration list for PBXNativeTarget "Proto (macOS)" */ = {
			isa = XCConfigurationList;
			buildConfigurations = (
				CE69094429683FAF00007231 /* Debug */,
				CE69094529683FAF00007231 /* Release */,
			);
			defaultConfigurationIsVisible = 0;
			defaultConfigurationName = Release;
		};
		CE69094629683FAF00007231 /* Build configuration list for PBXNativeTarget "Tests iOS" */ = {
			isa = XCConfigurationList;
			buildConfigurations = (
				CE69094729683FAF00007231 /* Debug */,
				CE69094829683FAF00007231 /* Release */,
			);
			defaultConfigurationIsVisible = 0;
			defaultConfigurationName = Release;
		};
		CE69094929683FAF00007231 /* Build configuration list for PBXNativeTarget "Tests macOS" */ = {
			isa = XCConfigurationList;
			buildConfigurations = (
				CE69094A29683FAF00007231 /* Debug */,
				CE69094B29683FAF00007231 /* Release */,
			);
			defaultConfigurationIsVisible = 0;
			defaultConfigurationName = Release;
		};
/* End XCConfigurationList section */
	};
	rootObject = CE69090B29683FAE00007231 /* Project object */;
}
